// !$*UTF8*$!
{
	archiveVersion = 1;
	classes = {
	};
	objectVersion = 50;
	objects = {

/* Begin PBXBuildFile section */
		850FE43A2618E6FB007E9F24 /* BeerGradeStorageModel.swift in Sources */ = {isa = PBXBuildFile; fileRef = 850FE4392618E6FB007E9F24 /* BeerGradeStorageModel.swift */; };
		8525DB252618E8950012BE6D /* ListBeersGradesViewController.swift in Sources */ = {isa = PBXBuildFile; fileRef = 8525DB242618E8950012BE6D /* ListBeersGradesViewController.swift */; };
		8525DB2B2618ED690012BE6D /* NewBeerGradeViewController.swift in Sources */ = {isa = PBXBuildFile; fileRef = 8525DB292618ED690012BE6D /* NewBeerGradeViewController.swift */; };
		8525DB2C2618ED690012BE6D /* NewBeerGradeViewController.xib in Resources */ = {isa = PBXBuildFile; fileRef = 8525DB2A2618ED690012BE6D /* NewBeerGradeViewController.xib */; };
		853B43A72619DA6600EF0972 /* Constants.swift in Sources */ = {isa = PBXBuildFile; fileRef = 853B43A62619DA6600EF0972 /* Constants.swift */; };
		85C561B62619E2750053A6E1 /* BeerDetailViewController.swift in Sources */ = {isa = PBXBuildFile; fileRef = 85C561B42619E2750053A6E1 /* BeerDetailViewController.swift */; };
		85C561B72619E2750053A6E1 /* BeerDetailViewController.xib in Resources */ = {isa = PBXBuildFile; fileRef = 85C561B52619E2750053A6E1 /* BeerDetailViewController.xib */; };
		85CA24D2261845D30091B179 /* AppDelegate.swift in Sources */ = {isa = PBXBuildFile; fileRef = 85CA24D1261845D30091B179 /* AppDelegate.swift */; };
		85CA24D4261845D30091B179 /* SceneDelegate.swift in Sources */ = {isa = PBXBuildFile; fileRef = 85CA24D3261845D30091B179 /* SceneDelegate.swift */; };
		85CA24D6261845D30091B179 /* ListBreweriesViewController.swift in Sources */ = {isa = PBXBuildFile; fileRef = 85CA24D5261845D30091B179 /* ListBreweriesViewController.swift */; };
		85CA24E1261845D50091B179 /* LaunchScreen.storyboard in Resources */ = {isa = PBXBuildFile; fileRef = 85CA24DF261845D50091B179 /* LaunchScreen.storyboard */; };
		85CA24F626184B460091B179 /* TableViewCell.swift in Sources */ = {isa = PBXBuildFile; fileRef = 85CA24F426184B460091B179 /* TableViewCell.swift */; };
		85CA24F726184B460091B179 /* TableViewCell.xib in Resources */ = {isa = PBXBuildFile; fileRef = 85CA24F526184B460091B179 /* TableViewCell.xib */; };
		85E9BA652618D558005E879C /* StorageBrewery.xcdatamodeld in Sources */ = {isa = PBXBuildFile; fileRef = 85E9BA632618D558005E879C /* StorageBrewery.xcdatamodeld */; };
		85ECD0F126188637006E5758 /* NewBreweryViewController.swift in Sources */ = {isa = PBXBuildFile; fileRef = 85ECD0EF26188637006E5758 /* NewBreweryViewController.swift */; };
		85ECD0F226188637006E5758 /* NewBreweryViewController.xib in Resources */ = {isa = PBXBuildFile; fileRef = 85ECD0F026188637006E5758 /* NewBreweryViewController.xib */; };
		85ECD0FA26188DA6006E5758 /* Assets.xcassets in Resources */ = {isa = PBXBuildFile; fileRef = 85ECD0F926188DA6006E5758 /* Assets.xcassets */; };
		85ECD0FE26189A6C006E5758 /* BreweryStorageModel.swift in Sources */ = {isa = PBXBuildFile; fileRef = 85ECD0FD26189A6C006E5758 /* BreweryStorageModel.swift */; };
		85ECD1112618AC5A006E5758 /* BreweryStorageService.swift in Sources */ = {isa = PBXBuildFile; fileRef = 85ECD1102618AC5A006E5758 /* BreweryStorageService.swift */; };
/* End PBXBuildFile section */

/* Begin PBXFileReference section */
		850FE4392618E6FB007E9F24 /* BeerGradeStorageModel.swift */ = {isa = PBXFileReference; lastKnownFileType = sourcecode.swift; path = BeerGradeStorageModel.swift; sourceTree = "<group>"; };
		8525DB242618E8950012BE6D /* ListBeersGradesViewController.swift */ = {isa = PBXFileReference; lastKnownFileType = sourcecode.swift; path = ListBeersGradesViewController.swift; sourceTree = "<group>"; };
		8525DB292618ED690012BE6D /* NewBeerGradeViewController.swift */ = {isa = PBXFileReference; lastKnownFileType = sourcecode.swift; path = NewBeerGradeViewController.swift; sourceTree = "<group>"; };
		8525DB2A2618ED690012BE6D /* NewBeerGradeViewController.xib */ = {isa = PBXFileReference; lastKnownFileType = file.xib; path = NewBeerGradeViewController.xib; sourceTree = "<group>"; };
		853B43A62619DA6600EF0972 /* Constants.swift */ = {isa = PBXFileReference; lastKnownFileType = sourcecode.swift; path = Constants.swift; sourceTree = "<group>"; };
		85C561B42619E2750053A6E1 /* BeerDetailViewController.swift */ = {isa = PBXFileReference; lastKnownFileType = sourcecode.swift; path = BeerDetailViewController.swift; sourceTree = "<group>"; };
		85C561B52619E2750053A6E1 /* BeerDetailViewController.xib */ = {isa = PBXFileReference; lastKnownFileType = file.xib; path = BeerDetailViewController.xib; sourceTree = "<group>"; };
		85CA24CE261845D30091B179 /* BreweryApp.app */ = {isa = PBXFileReference; explicitFileType = wrapper.application; includeInIndex = 0; path = BreweryApp.app; sourceTree = BUILT_PRODUCTS_DIR; };
		85CA24D1261845D30091B179 /* AppDelegate.swift */ = {isa = PBXFileReference; lastKnownFileType = sourcecode.swift; path = AppDelegate.swift; sourceTree = "<group>"; };
		85CA24D3261845D30091B179 /* SceneDelegate.swift */ = {isa = PBXFileReference; lastKnownFileType = sourcecode.swift; path = SceneDelegate.swift; sourceTree = "<group>"; };
		85CA24D5261845D30091B179 /* ListBreweriesViewController.swift */ = {isa = PBXFileReference; lastKnownFileType = sourcecode.swift; path = ListBreweriesViewController.swift; sourceTree = "<group>"; };
		85CA24E0261845D50091B179 /* Base */ = {isa = PBXFileReference; lastKnownFileType = file.storyboard; name = Base; path = Base.lproj/LaunchScreen.storyboard; sourceTree = "<group>"; };
		85CA24E2261845D50091B179 /* Info.plist */ = {isa = PBXFileReference; lastKnownFileType = text.plist.xml; path = Info.plist; sourceTree = "<group>"; };
		85CA24F426184B460091B179 /* TableViewCell.swift */ = {isa = PBXFileReference; lastKnownFileType = sourcecode.swift; path = TableViewCell.swift; sourceTree = "<group>"; };
		85CA24F526184B460091B179 /* TableViewCell.xib */ = {isa = PBXFileReference; lastKnownFileType = file.xib; path = TableViewCell.xib; sourceTree = "<group>"; };
		85D337702619A0D000E476B1 /* ManagedBeersGrades+CoreDataClass.swift */ = {isa = PBXFileReference; lastKnownFileType = sourcecode.swift; path = "ManagedBeersGrades+CoreDataClass.swift"; sourceTree = "<group>"; };
		85D337712619A0D000E476B1 /* ManagedBeersGrades+CoreDataProperties.swift */ = {isa = PBXFileReference; lastKnownFileType = sourcecode.swift; path = "ManagedBeersGrades+CoreDataProperties.swift"; sourceTree = "<group>"; };
		85D337722619A0D000E476B1 /* ManagedBrewery+CoreDataClass.swift */ = {isa = PBXFileReference; lastKnownFileType = sourcecode.swift; path = "ManagedBrewery+CoreDataClass.swift"; sourceTree = "<group>"; };
		85D337732619A0D000E476B1 /* ManagedBrewery+CoreDataProperties.swift */ = {isa = PBXFileReference; lastKnownFileType = sourcecode.swift; path = "ManagedBrewery+CoreDataProperties.swift"; sourceTree = "<group>"; };
		85E9BA642618D558005E879C /* StorageBrewery.xcdatamodel */ = {isa = PBXFileReference; lastKnownFileType = wrapper.xcdatamodel; path = StorageBrewery.xcdatamodel; sourceTree = "<group>"; };
		85ECD0EF26188637006E5758 /* NewBreweryViewController.swift */ = {isa = PBXFileReference; lastKnownFileType = sourcecode.swift; path = NewBreweryViewController.swift; sourceTree = "<group>"; };
		85ECD0F026188637006E5758 /* NewBreweryViewController.xib */ = {isa = PBXFileReference; lastKnownFileType = file.xib; path = NewBreweryViewController.xib; sourceTree = "<group>"; };
		85ECD0F926188DA6006E5758 /* Assets.xcassets */ = {isa = PBXFileReference; lastKnownFileType = folder.assetcatalog; path = Assets.xcassets; sourceTree = "<group>"; };
		85ECD0FD26189A6C006E5758 /* BreweryStorageModel.swift */ = {isa = PBXFileReference; lastKnownFileType = sourcecode.swift; path = BreweryStorageModel.swift; sourceTree = "<group>"; };
		85ECD1102618AC5A006E5758 /* BreweryStorageService.swift */ = {isa = PBXFileReference; lastKnownFileType = sourcecode.swift; path = BreweryStorageService.swift; sourceTree = "<group>"; };
/* End PBXFileReference section */

/* Begin PBXFrameworksBuildPhase section */
		85CA24CB261845D30091B179 /* Frameworks */ = {
			isa = PBXFrameworksBuildPhase;
			buildActionMask = 2147483647;
			files = (
			);
			runOnlyForDeploymentPostprocessing = 0;
		};
/* End PBXFrameworksBuildPhase section */

/* Begin PBXGroup section */
		8525DB282618ED270012BE6D /* NewBeersGradesViewController */ = {
			isa = PBXGroup;
			children = (
				8525DB292618ED690012BE6D /* NewBeerGradeViewController.swift */,
				8525DB2A2618ED690012BE6D /* NewBeerGradeViewController.xib */,
			);
			path = NewBeersGradesViewController;
			sourceTree = "<group>";
		};
		85344D662618E34700BB2E5B /* ListBeersGradesViewController */ = {
			isa = PBXGroup;
			children = (
				8525DB242618E8950012BE6D /* ListBeersGradesViewController.swift */,
			);
			path = ListBeersGradesViewController;
			sourceTree = "<group>";
		};
		853B43A92619DA6900EF0972 /* Constants */ = {
			isa = PBXGroup;
			children = (
				853B43A62619DA6600EF0972 /* Constants.swift */,
			);
			path = Constants;
			sourceTree = "<group>";
		};
		85C561B32619DCD90053A6E1 /* BeerDetailViewController */ = {
			isa = PBXGroup;
			children = (
				85C561B42619E2750053A6E1 /* BeerDetailViewController.swift */,
				85C561B52619E2750053A6E1 /* BeerDetailViewController.xib */,
			);
			path = BeerDetailViewController;
			sourceTree = "<group>";
		};
		85CA24C5261845D30091B179 = {
			isa = PBXGroup;
			children = (
				85CA24D0261845D30091B179 /* BreweryApp */,
				85CA24CF261845D30091B179 /* Products */,
			);
			sourceTree = "<group>";
		};
		85CA24CF261845D30091B179 /* Products */ = {
			isa = PBXGroup;
			children = (
				85CA24CE261845D30091B179 /* BreweryApp.app */,
			);
			name = Products;
			sourceTree = "<group>";
		};
		85CA24D0261845D30091B179 /* BreweryApp */ = {
			isa = PBXGroup;
			children = (
				853B43A92619DA6900EF0972 /* Constants */,
				85ECD10E2618A67D006E5758 /* CoreData */,
				85CA24EB261846030091B179 /* Service */,
				85CA24EA261845F90091B179 /* Model */,
				85CA24F02618469D0091B179 /* View */,
				85CA24D1261845D30091B179 /* AppDelegate.swift */,
				85CA24D3261845D30091B179 /* SceneDelegate.swift */,
				85CA24DF261845D50091B179 /* LaunchScreen.storyboard */,
				85CA24E2261845D50091B179 /* Info.plist */,
				85ECD0F926188DA6006E5758 /* Assets.xcassets */,
				85E9BA632618D558005E879C /* StorageBrewery.xcdatamodeld */,
			);
			path = BreweryApp;
			sourceTree = "<group>";
		};
		85CA24EA261845F90091B179 /* Model */ = {
			isa = PBXGroup;
			children = (
				85ECD0FD26189A6C006E5758 /* BreweryStorageModel.swift */,
				850FE4392618E6FB007E9F24 /* BeerGradeStorageModel.swift */,
			);
			path = Model;
			sourceTree = "<group>";
		};
		85CA24EB261846030091B179 /* Service */ = {
			isa = PBXGroup;
			children = (
				85ECD1102618AC5A006E5758 /* BreweryStorageService.swift */,
			);
			path = Service;
			sourceTree = "<group>";
		};
		85CA24F02618469D0091B179 /* View */ = {
			isa = PBXGroup;
			children = (
				85C561B32619DCD90053A6E1 /* BeerDetailViewController */,
				8525DB282618ED270012BE6D /* NewBeersGradesViewController */,
				85344D662618E34700BB2E5B /* ListBeersGradesViewController */,
				85CA24FA261863140091B179 /* ListBreweriesViewController */,
				85CA24F32618474D0091B179 /* NewBreweryViewConrtoller */,
				85CA24F2261847130091B179 /* TableCell */,
			);
			path = View;
			sourceTree = "<group>";
		};
		85CA24F2261847130091B179 /* TableCell */ = {
			isa = PBXGroup;
			children = (
				85CA24F426184B460091B179 /* TableViewCell.swift */,
				85CA24F526184B460091B179 /* TableViewCell.xib */,
			);
			path = TableCell;
			sourceTree = "<group>";
		};
		85CA24F32618474D0091B179 /* NewBreweryViewConrtoller */ = {
			isa = PBXGroup;
			children = (
				85ECD0EF26188637006E5758 /* NewBreweryViewController.swift */,
				85ECD0F026188637006E5758 /* NewBreweryViewController.xib */,
			);
			path = NewBreweryViewConrtoller;
			sourceTree = "<group>";
		};
		85CA24FA261863140091B179 /* ListBreweriesViewController */ = {
			isa = PBXGroup;
			children = (
				85CA24D5261845D30091B179 /* ListBreweriesViewController.swift */,
			);
			path = ListBreweriesViewController;
			sourceTree = "<group>";
		};
		85ECD10E2618A67D006E5758 /* CoreData */ = {
			isa = PBXGroup;
			children = (
				85D337702619A0D000E476B1 /* ManagedBeersGrades+CoreDataClass.swift */,
				85D337712619A0D000E476B1 /* ManagedBeersGrades+CoreDataProperties.swift */,
				85D337722619A0D000E476B1 /* ManagedBrewery+CoreDataClass.swift */,
				85D337732619A0D000E476B1 /* ManagedBrewery+CoreDataProperties.swift */,
			);
			path = CoreData;
			sourceTree = "<group>";
		};
/* End PBXGroup section */

/* Begin PBXNativeTarget section */
		85CA24CD261845D30091B179 /* BreweryApp */ = {
			isa = PBXNativeTarget;
			buildConfigurationList = 85CA24E5261845D50091B179 /* Build configuration list for PBXNativeTarget "BreweryApp" */;
			buildPhases = (
				85CA24CA261845D30091B179 /* Sources */,
				85CA24CB261845D30091B179 /* Frameworks */,
				85CA24CC261845D30091B179 /* Resources */,
			);
			buildRules = (
			);
			dependencies = (
			);
			name = BreweryApp;
			productName = BreweryApp;
			productReference = 85CA24CE261845D30091B179 /* BreweryApp.app */;
			productType = "com.apple.product-type.application";
		};
/* End PBXNativeTarget section */

/* Begin PBXProject section */
		85CA24C6261845D30091B179 /* Project object */ = {
			isa = PBXProject;
			attributes = {
				LastSwiftUpdateCheck = 1240;
				LastUpgradeCheck = 1240;
				TargetAttributes = {
					85CA24CD261845D30091B179 = {
						CreatedOnToolsVersion = 12.4;
					};
				};
			};
			buildConfigurationList = 85CA24C9261845D30091B179 /* Build configuration list for PBXProject "BreweryApp" */;
			compatibilityVersion = "Xcode 9.3";
			developmentRegion = en;
			hasScannedForEncodings = 0;
			knownRegions = (
				en,
				Base,
			);
			mainGroup = 85CA24C5261845D30091B179;
			productRefGroup = 85CA24CF261845D30091B179 /* Products */;
			projectDirPath = "";
			projectRoot = "";
			targets = (
				85CA24CD261845D30091B179 /* BreweryApp */,
			);
		};
/* End PBXProject section */

/* Begin PBXResourcesBuildPhase section */
		85CA24CC261845D30091B179 /* Resources */ = {
			isa = PBXResourcesBuildPhase;
			buildActionMask = 2147483647;
			files = (
				85CA24E1261845D50091B179 /* LaunchScreen.storyboard in Resources */,
				85ECD0F226188637006E5758 /* NewBreweryViewController.xib in Resources */,
				85ECD0FA26188DA6006E5758 /* Assets.xcassets in Resources */,
				85C561B72619E2750053A6E1 /* BeerDetailViewController.xib in Resources */,
				8525DB2C2618ED690012BE6D /* NewBeerGradeViewController.xib in Resources */,
				85CA24F726184B460091B179 /* TableViewCell.xib in Resources */,
			);
			runOnlyForDeploymentPostprocessing = 0;
		};
/* End PBXResourcesBuildPhase section */

/* Begin PBXSourcesBuildPhase section */
		85CA24CA261845D30091B179 /* Sources */ = {
			isa = PBXSourcesBuildPhase;
			buildActionMask = 2147483647;
			files = (
				85E9BA652618D558005E879C /* StorageBrewery.xcdatamodeld in Sources */,
				850FE43A2618E6FB007E9F24 /* BeerGradeStorageModel.swift in Sources */,
				85ECD1112618AC5A006E5758 /* BreweryStorageService.swift in Sources */,
				85ECD0FE26189A6C006E5758 /* BreweryStorageModel.swift in Sources */,
				85CA24D6261845D30091B179 /* ListBreweriesViewController.swift in Sources */,
				85ECD0F126188637006E5758 /* NewBreweryViewController.swift in Sources */,
				85CA24D2261845D30091B179 /* AppDelegate.swift in Sources */,
				85CA24F626184B460091B179 /* TableViewCell.swift in Sources */,
				8525DB2B2618ED690012BE6D /* NewBeerGradeViewController.swift in Sources */,
				8525DB252618E8950012BE6D /* ListBeersGradesViewController.swift in Sources */,
				85CA24D4261845D30091B179 /* SceneDelegate.swift in Sources */,
				853B43A72619DA6600EF0972 /* Constants.swift in Sources */,
				85C561B62619E2750053A6E1 /* BeerDetailViewController.swift in Sources */,
			);
			runOnlyForDeploymentPostprocessing = 0;
		};
/* End PBXSourcesBuildPhase section */

/* Begin PBXVariantGroup section */
		85CA24DF261845D50091B179 /* LaunchScreen.storyboard */ = {
			isa = PBXVariantGroup;
			children = (
				85CA24E0261845D50091B179 /* Base */,
			);
			name = LaunchScreen.storyboard;
			sourceTree = "<group>";
		};
/* End PBXVariantGroup section */

/* Begin XCBuildConfiguration section */
		85CA24E3261845D50091B179 /* Debug */ = {
			isa = XCBuildConfiguration;
			buildSettings = {
				ALWAYS_SEARCH_USER_PATHS = NO;
				CLANG_ANALYZER_NONNULL = YES;
				CLANG_ANALYZER_NUMBER_OBJECT_CONVERSION = YES_AGGRESSIVE;
				CLANG_CXX_LANGUAGE_STANDARD = "gnu++14";
				CLANG_CXX_LIBRARY = "libc++";
				CLANG_ENABLE_MODULES = YES;
				CLANG_ENABLE_OBJC_ARC = YES;
				CLANG_ENABLE_OBJC_WEAK = YES;
				CLANG_WARN_BLOCK_CAPTURE_AUTORELEASING = YES;
				CLANG_WARN_BOOL_CONVERSION = YES;
				CLANG_WARN_COMMA = YES;
				CLANG_WARN_CONSTANT_CONVERSION = YES;
				CLANG_WARN_DEPRECATED_OBJC_IMPLEMENTATIONS = YES;
				CLANG_WARN_DIRECT_OBJC_ISA_USAGE = YES_ERROR;
				CLANG_WARN_DOCUMENTATION_COMMENTS = YES;
				CLANG_WARN_EMPTY_BODY = YES;
				CLANG_WARN_ENUM_CONVERSION = YES;
				CLANG_WARN_INFINITE_RECURSION = YES;
				CLANG_WARN_INT_CONVERSION = YES;
				CLANG_WARN_NON_LITERAL_NULL_CONVERSION = YES;
				CLANG_WARN_OBJC_IMPLICIT_RETAIN_SELF = YES;
				CLANG_WARN_OBJC_LITERAL_CONVERSION = YES;
				CLANG_WARN_OBJC_ROOT_CLASS = YES_ERROR;
				CLANG_WARN_QUOTED_INCLUDE_IN_FRAMEWORK_HEADER = YES;
				CLANG_WARN_RANGE_LOOP_ANALYSIS = YES;
				CLANG_WARN_STRICT_PROTOTYPES = YES;
				CLANG_WARN_SUSPICIOUS_MOVE = YES;
				CLANG_WARN_UNGUARDED_AVAILABILITY = YES_AGGRESSIVE;
				CLANG_WARN_UNREACHABLE_CODE = YES;
				CLANG_WARN__DUPLICATE_METHOD_MATCH = YES;
				COPY_PHASE_STRIP = NO;
				DEBUG_INFORMATION_FORMAT = dwarf;
				ENABLE_STRICT_OBJC_MSGSEND = YES;
				ENABLE_TESTABILITY = YES;
				GCC_C_LANGUAGE_STANDARD = gnu11;
				GCC_DYNAMIC_NO_PIC = NO;
				GCC_NO_COMMON_BLOCKS = YES;
				GCC_OPTIMIZATION_LEVEL = 0;
				GCC_PREPROCESSOR_DEFINITIONS = (
					"DEBUG=1",
					"$(inherited)",
				);
				GCC_WARN_64_TO_32_BIT_CONVERSION = YES;
				GCC_WARN_ABOUT_RETURN_TYPE = YES_ERROR;
				GCC_WARN_UNDECLARED_SELECTOR = YES;
				GCC_WARN_UNINITIALIZED_AUTOS = YES_AGGRESSIVE;
				GCC_WARN_UNUSED_FUNCTION = YES;
				GCC_WARN_UNUSED_VARIABLE = YES;
				IPHONEOS_DEPLOYMENT_TARGET = 14.4;
				MTL_ENABLE_DEBUG_INFO = INCLUDE_SOURCE;
				MTL_FAST_MATH = YES;
				ONLY_ACTIVE_ARCH = YES;
				SDKROOT = iphoneos;
				SWIFT_ACTIVE_COMPILATION_CONDITIONS = DEBUG;
				SWIFT_OPTIMIZATION_LEVEL = "-Onone";
			};
			name = Debug;
		};
		85CA24E4261845D50091B179 /* Release */ = {
			isa = XCBuildConfiguration;
			buildSettings = {
				ALWAYS_SEARCH_USER_PATHS = NO;
				CLANG_ANALYZER_NONNULL = YES;
				CLANG_ANALYZER_NUMBER_OBJECT_CONVERSION = YES_AGGRESSIVE;
				CLANG_CXX_LANGUAGE_STANDARD = "gnu++14";
				CLANG_CXX_LIBRARY = "libc++";
				CLANG_ENABLE_MODULES = YES;
				CLANG_ENABLE_OBJC_ARC = YES;
				CLANG_ENABLE_OBJC_WEAK = YES;
				CLANG_WARN_BLOCK_CAPTURE_AUTORELEASING = YES;
				CLANG_WARN_BOOL_CONVERSION = YES;
				CLANG_WARN_COMMA = YES;
				CLANG_WARN_CONSTANT_CONVERSION = YES;
				CLANG_WARN_DEPRECATED_OBJC_IMPLEMENTATIONS = YES;
				CLANG_WARN_DIRECT_OBJC_ISA_USAGE = YES_ERROR;
				CLANG_WARN_DOCUMENTATION_COMMENTS = YES;
				CLANG_WARN_EMPTY_BODY = YES;
				CLANG_WARN_ENUM_CONVERSION = YES;
				CLANG_WARN_INFINITE_RECURSION = YES;
				CLANG_WARN_INT_CONVERSION = YES;
				CLANG_WARN_NON_LITERAL_NULL_CONVERSION = YES;
				CLANG_WARN_OBJC_IMPLICIT_RETAIN_SELF = YES;
				CLANG_WARN_OBJC_LITERAL_CONVERSION = YES;
				CLANG_WARN_OBJC_ROOT_CLASS = YES_ERROR;
				CLANG_WARN_QUOTED_INCLUDE_IN_FRAMEWORK_HEADER = YES;
				CLANG_WARN_RANGE_LOOP_ANALYSIS = YES;
				CLANG_WARN_STRICT_PROTOTYPES = YES;
				CLANG_WARN_SUSPICIOUS_MOVE = YES;
				CLANG_WARN_UNGUARDED_AVAILABILITY = YES_AGGRESSIVE;
				CLANG_WARN_UNREACHABLE_CODE = YES;
				CLANG_WARN__DUPLICATE_METHOD_MATCH = YES;
				COPY_PHASE_STRIP = NO;
				DEBUG_INFORMATION_FORMAT = "dwarf-with-dsym";
				ENABLE_NS_ASSERTIONS = NO;
				ENABLE_STRICT_OBJC_MSGSEND = YES;
				GCC_C_LANGUAGE_STANDARD = gnu11;
				GCC_NO_COMMON_BLOCKS = YES;
				GCC_WARN_64_TO_32_BIT_CONVERSION = YES;
				GCC_WARN_ABOUT_RETURN_TYPE = YES_ERROR;
				GCC_WARN_UNDECLARED_SELECTOR = YES;
				GCC_WARN_UNINITIALIZED_AUTOS = YES_AGGRESSIVE;
				GCC_WARN_UNUSED_FUNCTION = YES;
				GCC_WARN_UNUSED_VARIABLE = YES;
				IPHONEOS_DEPLOYMENT_TARGET = 14.4;
				MTL_ENABLE_DEBUG_INFO = NO;
				MTL_FAST_MATH = YES;
				SDKROOT = iphoneos;
				SWIFT_COMPILATION_MODE = wholemodule;
				SWIFT_OPTIMIZATION_LEVEL = "-O";
				VALIDATE_PRODUCT = YES;
			};
			name = Release;
		};
		85CA24E6261845D50091B179 /* Debug */ = {
			isa = XCBuildConfiguration;
			buildSettings = {
				ASSETCATALOG_COMPILER_APPICON_NAME = AppIcon;
				ASSETCATALOG_COMPILER_GLOBAL_ACCENT_COLOR_NAME = AccentColor;
				CODE_SIGN_STYLE = Automatic;
				DEVELOPMENT_TEAM = Q3939MPD4F;
				INFOPLIST_FILE = BreweryApp/Info.plist;
				LD_RUNPATH_SEARCH_PATHS = (
					"$(inherited)",
					"@executable_path/Frameworks",
				);
				PRODUCT_BUNDLE_IDENTIFIER = Stanislav.BreweryApp;
				PRODUCT_NAME = "$(TARGET_NAME)";
				SWIFT_VERSION = 5.0;
				TARGETED_DEVICE_FAMILY = "1,2";
			};
			name = Debug;
		};
		85CA24E7261845D50091B179 /* Release */ = {
			isa = XCBuildConfiguration;
			buildSettings = {
				ASSETCATALOG_COMPILER_APPICON_NAME = AppIcon;
				ASSETCATALOG_COMPILER_GLOBAL_ACCENT_COLOR_NAME = AccentColor;
				CODE_SIGN_STYLE = Automatic;
				DEVELOPMENT_TEAM = Q3939MPD4F;
				INFOPLIST_FILE = BreweryApp/Info.plist;
				LD_RUNPATH_SEARCH_PATHS = (
					"$(inherited)",
					"@executable_path/Frameworks",
				);
				PRODUCT_BUNDLE_IDENTIFIER = Stanislav.BreweryApp;
				PRODUCT_NAME = "$(TARGET_NAME)";
				SWIFT_VERSION = 5.0;
				TARGETED_DEVICE_FAMILY = "1,2";
			};
			name = Release;
		};
/* End XCBuildConfiguration section */

/* Begin XCConfigurationList section */
		85CA24C9261845D30091B179 /* Build configuration list for PBXProject "BreweryApp" */ = {
			isa = XCConfigurationList;
			buildConfigurations = (
				85CA24E3261845D50091B179 /* Debug */,
				85CA24E4261845D50091B179 /* Release */,
			);
			defaultConfigurationIsVisible = 0;
			defaultConfigurationName = Release;
		};
		85CA24E5261845D50091B179 /* Build configuration list for PBXNativeTarget "BreweryApp" */ = {
			isa = XCConfigurationList;
			buildConfigurations = (
				85CA24E6261845D50091B179 /* Debug */,
				85CA24E7261845D50091B179 /* Release */,
			);
			defaultConfigurationIsVisible = 0;
			defaultConfigurationName = Release;
		};
/* End XCConfigurationList section */

/* Begin XCVersionGroup section */
		85E9BA632618D558005E879C /* StorageBrewery.xcdatamodeld */ = {
			isa = XCVersionGroup;
			children = (
				85E9BA642618D558005E879C /* StorageBrewery.xcdatamodel */,
			);
			currentVersion = 85E9BA642618D558005E879C /* StorageBrewery.xcdatamodel */;
			path = StorageBrewery.xcdatamodeld;
			sourceTree = "<group>";
			versionGroupType = wrapper.xcdatamodel;
		};
/* End XCVersionGroup section */
	};
	rootObject = 85CA24C6261845D30091B179 /* Project object */;
}
